// !$*UTF8*$!
{
	archiveVersion = 1;
	classes = {
	};
	objectVersion = 46;
	objects = {

/* Begin PBXBuildFile section */
		3C2B910A1211BA440029764F /* libMobclix.a in Frameworks */ = {isa = PBXBuildFile; fileRef = 3C2B91041211BA440029764F /* libMobclix.a */; };
		3C2B91251211BC030029764F /* MediaPlayer.framework in Frameworks */ = {isa = PBXBuildFile; fileRef = 3C2B91241211BC030029764F /* MediaPlayer.framework */; };
		3C2B91271211BC030029764F /* SystemConfiguration.framework in Frameworks */ = {isa = PBXBuildFile; fileRef = 3C2B91261211BC030029764F /* SystemConfiguration.framework */; };
		3C2B91C61211BD320029764F /* libOAuth.a in Frameworks */ = {isa = PBXBuildFile; fileRef = 3C2B91C11211BD320029764F /* libOAuth.a */; };
		3C2B91C71211BD320029764F /* libml.a in Frameworks */ = {isa = PBXBuildFile; fileRef = 3C2B91C21211BD320029764F /* libml.a */; };
		3C2B91C81211BD330029764F /* libstdc++.dylib in Frameworks */ = {isa = PBXBuildFile; fileRef = 3C2B91C31211BD320029764F /* libstdc++.dylib */; };
		3C2B921F1211BD720029764F /* libxml2.dylib in Frameworks */ = {isa = PBXBuildFile; fileRef = 3C2B921E1211BD720029764F /* libxml2.dylib */; };
		3C2B953C121306DC0029764F /* NSObject+SBJSON.m in Sources */ = {isa = PBXBuildFile; fileRef = 3C2B9531121306DB0029764F /* NSObject+SBJSON.m */; };
		3C2B953D121306DC0029764F /* NSString+SBJSON.m in Sources */ = {isa = PBXBuildFile; fileRef = 3C2B9533121306DC0029764F /* NSString+SBJSON.m */; };
		3C2B953E121306DC0029764F /* SBJSON.m in Sources */ = {isa = PBXBuildFile; fileRef = 3C2B9535121306DC0029764F /* SBJSON.m */; };
		3C2B953F121306DC0029764F /* SBJsonBase.m in Sources */ = {isa = PBXBuildFile; fileRef = 3C2B9537121306DC0029764F /* SBJsonBase.m */; };
		3C2B9540121306DC0029764F /* SBJsonParser.m in Sources */ = {isa = PBXBuildFile; fileRef = 3C2B9539121306DC0029764F /* SBJsonParser.m */; };
		3C2B9541121306DC0029764F /* SBJsonWriter.m in Sources */ = {isa = PBXBuildFile; fileRef = 3C2B953B121306DC0029764F /* SBJsonWriter.m */; };
		3C309444128A77B200E360C5 /* NSString+HTML.m in Sources */ = {isa = PBXBuildFile; fileRef = 3C309432128A77B100E360C5 /* NSString+HTML.m */; };
		3C309445128A77B200E360C5 /* NSDate+InternetDateTime.m in Sources */ = {isa = PBXBuildFile; fileRef = 3C309434128A77B100E360C5 /* NSDate+InternetDateTime.m */; };
		3C309446128A77B200E360C5 /* GTMNSString+HTML.m in Sources */ = {isa = PBXBuildFile; fileRef = 3C309437128A77B100E360C5 /* GTMNSString+HTML.m */; };
		3C309447128A77B200E360C5 /* NSString+XMLEntities.m in Sources */ = {isa = PBXBuildFile; fileRef = 3C30943B128A77B100E360C5 /* NSString+XMLEntities.m */; };
		3C309448128A77B200E360C5 /* MWFeedParser.m in Sources */ = {isa = PBXBuildFile; fileRef = 3C30943F128A77B100E360C5 /* MWFeedParser.m */; };
		3C309449128A77B200E360C5 /* MWFeedInfo.m in Sources */ = {isa = PBXBuildFile; fileRef = 3C309441128A77B100E360C5 /* MWFeedInfo.m */; };
		3C30944A128A77B200E360C5 /* MWFeedItem.m in Sources */ = {isa = PBXBuildFile; fileRef = 3C309443128A77B200E360C5 /* MWFeedItem.m */; };
		3C3094AF128A7D9000E360C5 /* haveeru.m in Sources */ = {isa = PBXBuildFile; fileRef = 3C3094AD128A7D9000E360C5 /* haveeru.m */; };
		3C3094B0128A7D9000E360C5 /* haveeru.xib in Resources */ = {isa = PBXBuildFile; fileRef = 3C3094AE128A7D9000E360C5 /* haveeru.xib */; };
		3C3094DD128A7F9600E360C5 /* haveeruCell.xib in Resources */ = {isa = PBXBuildFile; fileRef = 3C3094DC128A7F9600E360C5 /* haveeruCell.xib */; };
		3C309581128A93D400E360C5 /* haveeruArticle.m in Sources */ = {isa = PBXBuildFile; fileRef = 3C30957F128A93D400E360C5 /* haveeruArticle.m */; };
		3C309582128A93D400E360C5 /* haveeruArticle.xib in Resources */ = {isa = PBXBuildFile; fileRef = 3C309580128A93D400E360C5 /* haveeruArticle.xib */; };
		3C309599128A952800E360C5 /* ASIAuthenticationDialog.m in Sources */ = {isa = PBXBuildFile; fileRef = 3C30958E128A952600E360C5 /* ASIAuthenticationDialog.m */; };
		3C30959A128A952800E360C5 /* ASIInputStream.m in Sources */ = {isa = PBXBuildFile; fileRef = 3C309590128A952600E360C5 /* ASIInputStream.m */; };
		3C30959B128A952800E360C5 /* ASIFormDataRequest.m in Sources */ = {isa = PBXBuildFile; fileRef = 3C309592128A952600E360C5 /* ASIFormDataRequest.m */; };
		3C30959C128A952800E360C5 /* ASIHTTPRequest.m in Sources */ = {isa = PBXBuildFile; fileRef = 3C309594128A952700E360C5 /* ASIHTTPRequest.m */; };
		3C30959D128A952800E360C5 /* ASINetworkQueue.m in Sources */ = {isa = PBXBuildFile; fileRef = 3C309596128A952700E360C5 /* ASINetworkQueue.m */; };
		3C30959E128A952800E360C5 /* ASIDownloadCache.m in Sources */ = {isa = PBXBuildFile; fileRef = 3C309598128A952800E360C5 /* ASIDownloadCache.m */; };
		3C3095A7128A96ED00E360C5 /* Reachability.m in Sources */ = {isa = PBXBuildFile; fileRef = 3C3095A6128A96ED00E360C5 /* Reachability.m */; };
		3C309652128A97FA00E360C5 /* MobileCoreServices.framework in Frameworks */ = {isa = PBXBuildFile; fileRef = 3C309651128A97FA00E360C5 /* MobileCoreServices.framework */; };
		3C309656128A987100E360C5 /* CFNetwork.framework in Frameworks */ = {isa = PBXBuildFile; fileRef = 3C309655128A987100E360C5 /* CFNetwork.framework */; };
		3C30965E128A98B500E360C5 /* libz.1.2.3.dylib in Frameworks */ = {isa = PBXBuildFile; fileRef = 3C30965D128A98B500E360C5 /* libz.1.2.3.dylib */; };
		3C38764F11FC21BE00BE6B26 /* newSite.xib in Resources */ = {isa = PBXBuildFile; fileRef = 3C38764E11FC21BE00BE6B26 /* newSite.xib */; };
		3C38765211FC21E200BE6B26 /* newSite.m in Sources */ = {isa = PBXBuildFile; fileRef = 3C38765111FC21E200BE6B26 /* newSite.m */; };
		3C3876C411FC2C1500BE6B26 /* browserView.m in Sources */ = {isa = PBXBuildFile; fileRef = 3C3876C211FC2C1500BE6B26 /* browserView.m */; };
		3C3876C511FC2C1500BE6B26 /* browserView.xib in Resources */ = {isa = PBXBuildFile; fileRef = 3C3876C311FC2C1500BE6B26 /* browserView.xib */; };
		3C38778E11FC3ED100BE6B26 /* Mv MAG Round.otf.ttf in Resources */ = {isa = PBXBuildFile; fileRef = 3C38778411FC3ED100BE6B26 /* Mv MAG Round.otf.ttf */; };
		3C38778F11FC3ED100BE6B26 /* MvElaafLite.ttf in Resources */ = {isa = PBXBuildFile; fileRef = 3C38778511FC3ED100BE6B26 /* MvElaafLite.ttf */; };
		3C38779011FC3ED100BE6B26 /* mvfaseyha.otf in Resources */ = {isa = PBXBuildFile; fileRef = 3C38778611FC3ED100BE6B26 /* mvfaseyha.otf */; };
		3C38779111FC3ED100BE6B26 /* MvIyyuNala.ttf in Resources */ = {isa = PBXBuildFile; fileRef = 3C38778711FC3ED100BE6B26 /* MvIyyuNala.ttf */; };
		3C38779211FC3ED100BE6B26 /* MvIyyuNormal.ttf in Resources */ = {isa = PBXBuildFile; fileRef = 3C38778811FC3ED100BE6B26 /* MvIyyuNormal.ttf */; };
		3C38779311FC3ED100BE6B26 /* MvLadyLuck.ttf in Resources */ = {isa = PBXBuildFile; fileRef = 3C38778911FC3ED100BE6B26 /* MvLadyLuck.ttf */; };
		3C38779411FC3ED100BE6B26 /* MvMAGRound.ttf in Resources */ = {isa = PBXBuildFile; fileRef = 3C38778A11FC3ED100BE6B26 /* MvMAGRound.ttf */; };
		3C38779511FC3ED100BE6B26 /* MvMAGRoundHollow.ttf in Resources */ = {isa = PBXBuildFile; fileRef = 3C38778B11FC3ED100BE6B26 /* MvMAGRoundHollow.ttf */; };
		3C38779611FC3ED100BE6B26 /* MvMAGRoundXBold.ttf in Resources */ = {isa = PBXBuildFile; fileRef = 3C38778C11FC3ED100BE6B26 /* MvMAGRoundXBold.ttf */; };
		3C38779711FC3ED100BE6B26 /* RANDHOO.TTF in Resources */ = {isa = PBXBuildFile; fileRef = 3C38778D11FC3ED100BE6B26 /* RANDHOO.TTF */; };
		3C3877C211FC462100BE6B26 /* maldivian72.jpg in Resources */ = {isa = PBXBuildFile; fileRef = 3C3877C111FC462100BE6B26 /* maldivian72.jpg */; };
		3C9C038011FA2864000F1790 /* UIKit.framework in Frameworks */ = {isa = PBXBuildFile; fileRef = 3C9C037F11FA2864000F1790 /* UIKit.framework */; };
		3C9C038211FA2864000F1790 /* Foundation.framework in Frameworks */ = {isa = PBXBuildFile; fileRef = 3C9C038111FA2864000F1790 /* Foundation.framework */; };
		3C9C038411FA2864000F1790 /* CoreGraphics.framework in Frameworks */ = {isa = PBXBuildFile; fileRef = 3C9C038311FA2864000F1790 /* CoreGraphics.framework */; };
		3C9C038911FA2864000F1790 /* InfoPlist.strings in Resources */ = {isa = PBXBuildFile; fileRef = 3C9C038711FA2864000F1790 /* InfoPlist.strings */; };
		3C9C038B11FA2864000F1790 /* main.m in Sources */ = {isa = PBXBuildFile; fileRef = 3C9C038A11FA2864000F1790 /* main.m */; };
		3C9C038E11FA2864000F1790 /* iDhivehiSitesAppDelegate.m in Sources */ = {isa = PBXBuildFile; fileRef = 3C9C038D11FA2864000F1790 /* iDhivehiSitesAppDelegate.m */; };
		3C9C039111FA2864000F1790 /* MainWindow.xib in Resources */ = {isa = PBXBuildFile; fileRef = 3C9C038F11FA2864000F1790 /* MainWindow.xib */; };
		3C9C039411FA2864000F1790 /* iDhivehiSitesViewController.m in Sources */ = {isa = PBXBuildFile; fileRef = 3C9C039311FA2864000F1790 /* iDhivehiSitesViewController.m */; };
		3C9C039711FA2864000F1790 /* iDhivehiSitesViewController.xib in Resources */ = {isa = PBXBuildFile; fileRef = 3C9C039511FA2864000F1790 /* iDhivehiSitesViewController.xib */; };
		3CAADB6711FC4C6900B6A8BD /* cell.xib in Resources */ = {isa = PBXBuildFile; fileRef = 3CAADB6611FC4C6900B6A8BD /* cell.xib */; };
		3CB4843C11FA32BA00A3A62C /* avas3__0.TTF in Resources */ = {isa = PBXBuildFile; fileRef = 3CB4842911FA32BA00A3A62C /* avas3__0.TTF */; };
		3CB4843D11FA32BA00A3A62C /* Faruma.ttf in Resources */ = {isa = PBXBuildFile; fileRef = 3CB4842A11FA32BA00A3A62C /* Faruma.ttf */; };
		3CB4843E11FA32BA00A3A62C /* faseyha.TTF in Resources */ = {isa = PBXBuildFile; fileRef = 3CB4842B11FA32BA00A3A62C /* faseyha.TTF */; };
		3CB4843F11FA32BA00A3A62C /* globe.png in Resources */ = {isa = PBXBuildFile; fileRef = 3CB4842C11FA32BA00A3A62C /* globe.png */; };
		3CB4844011FA32BA00A3A62C /* haama.png in Resources */ = {isa = PBXBuildFile; fileRef = 3CB4842D11FA32BA00A3A62C /* haama.png */; };
		3CB4844111FA32BA00A3A62C /* haveeru.png in Resources */ = {isa = PBXBuildFile; fileRef = 3CB4842E11FA32BA00A3A62C /* haveeru.png */; };
		3CB4844211FA32BA00A3A62C /* jazeera.png in Resources */ = {isa = PBXBuildFile; fileRef = 3CB4842F11FA32BA00A3A62C /* jazeera.png */; };
		3CB4844511FA32BA00A3A62C /* mdp.png in Resources */ = {isa = PBXBuildFile; fileRef = 3CB4843211FA32BA00A3A62C /* mdp.png */; };
		3CB4844611FA32BA00A3A62C /* miadhu.png in Resources */ = {isa = PBXBuildFile; fileRef = 3CB4843311FA32BA00A3A62C /* miadhu.png */; };
		3CB4844711FA32BA00A3A62C /* minivan.png in Resources */ = {isa = PBXBuildFile; fileRef = 3CB4843411FA32BA00A3A62C /* minivan.png */; };
		3CB4844811FA32BA00A3A62C /* muraasil.png in Resources */ = {isa = PBXBuildFile; fileRef = 3CB4843511FA32BA00A3A62C /* muraasil.png */; };
		3CB4844911FA32BA00A3A62C /* Mv Eamaan XP.ttf in Resources */ = {isa = PBXBuildFile; fileRef = 3CB4843611FA32BA00A3A62C /* Mv Eamaan XP.ttf */; };
		3CB4844A11FA32BA00A3A62C /* Mv Iyyu Formal.ttf in Resources */ = {isa = PBXBuildFile; fileRef = 3CB4843711FA32BA00A3A62C /* Mv Iyyu Formal.ttf */; };
		3CB4844B11FA32BA00A3A62C /* MvElaafNormal.ttf in Resources */ = {isa = PBXBuildFile; fileRef = 3CB4843811FA32BA00A3A62C /* MvElaafNormal.ttf */; };
		3CB4844D11FA32BA00A3A62C /* Tahoma.ttf in Resources */ = {isa = PBXBuildFile; fileRef = 3CB4843A11FA32BA00A3A62C /* Tahoma.ttf */; };
		3CB4844E11FA32BA00A3A62C /* Thaana1U.ttf in Resources */ = {isa = PBXBuildFile; fileRef = 3CB4843B11FA32BA00A3A62C /* Thaana1U.ttf */; };
		FF1B40FA11FD292F007BE622 /* A_REETHI.ttf in Resources */ = {isa = PBXBuildFile; fileRef = FF1B40F911FD292F007BE622 /* A_REETHI.ttf */; };
		FF1B40FC11FD2998007BE622 /* ILHAM.TTF in Resources */ = {isa = PBXBuildFile; fileRef = FF1B40FB11FD2998007BE622 /* ILHAM.TTF */; };
		FF1B411811FD4060007BE622 /* maldivian57.jpg in Resources */ = {isa = PBXBuildFile; fileRef = FF1B411711FD4060007BE622 /* maldivian57.jpg */; };
		FF2454691207BEEE00B0F1AE /* 9603ran.ttf in Resources */ = {isa = PBXBuildFile; fileRef = FF24545C1207BEEE00B0F1AE /* 9603ran.ttf */; };
		FF24546A1207BEEE00B0F1AE /* Aafrasmy.ttf in Resources */ = {isa = PBXBuildFile; fileRef = FF24545D1207BEEE00B0F1AE /* Aafrasmy.ttf */; };
		FF24546B1207BEEE00B0F1AE /* Aafthedu.ttf in Resources */ = {isa = PBXBuildFile; fileRef = FF24545E1207BEEE00B0F1AE /* Aafthedu.ttf */; };
		FF24546C1207BEEE00B0F1AE /* Aahthedu.ttf in Resources */ = {isa = PBXBuildFile; fileRef = FF24545F1207BEEE00B0F1AE /* Aahthedu.ttf */; };
		FF24546D1207BEEE00B0F1AE /* Afk2p.ttf in Resources */ = {isa = PBXBuildFile; fileRef = FF2454601207BEEE00B0F1AE /* Afk2p.ttf */; };
		FF24546E1207BEEE00B0F1AE /* Akko.ttf in Resources */ = {isa = PBXBuildFile; fileRef = FF2454611207BEEE00B0F1AE /* Akko.ttf */; };
		FF24546F1207BEEE00B0F1AE /* Akurub.ttf in Resources */ = {isa = PBXBuildFile; fileRef = FF2454621207BEEE00B0F1AE /* Akurub.ttf */; };
		FF2454701207BEEE00B0F1AE /* Amufk2.ttf in Resources */ = {isa = PBXBuildFile; fileRef = FF2454631207BEEE00B0F1AE /* Amufk2.ttf */; };
		FF2454711207BEEE00B0F1AE /* Athiri.ttf in Resources */ = {isa = PBXBuildFile; fileRef = FF2454641207BEEE00B0F1AE /* Athiri.ttf */; };
		FF2454721207BEEE00B0F1AE /* Athiri01.ttf in Resources */ = {isa = PBXBuildFile; fileRef = FF2454651207BEEE00B0F1AE /* Athiri01.ttf */; };
		FF2454731207BEEE00B0F1AE /* Athiri02.ttf in Resources */ = {isa = PBXBuildFile; fileRef = FF2454661207BEEE00B0F1AE /* Athiri02.ttf */; };
		FF2454741207BEEE00B0F1AE /* Athiri03.ttf in Resources */ = {isa = PBXBuildFile; fileRef = FF2454671207BEEE00B0F1AE /* Athiri03.ttf */; };
		FF2454751207BEEE00B0F1AE /* Bismi.ttf in Resources */ = {isa = PBXBuildFile; fileRef = FF2454681207BEEE00B0F1AE /* Bismi.ttf */; };
		FF2454771207C09700B0F1AE /* Mv Elaaf Normal.otf.ttf in Resources */ = {isa = PBXBuildFile; fileRef = FF2454761207C09700B0F1AE /* Mv Elaaf Normal.otf.ttf */; };
		FF2454791207C0C700B0F1AE /* Mv Elaaf Formal.ttf in Resources */ = {isa = PBXBuildFile; fileRef = FF2454781207C0C700B0F1AE /* Mv Elaaf Formal.ttf */; };
		FF24547D1207C1A700B0F1AE /* MvSehgaFB.ttf in Resources */ = {isa = PBXBuildFile; fileRef = FF24547C1207C1A700B0F1AE /* MvSehgaFB.ttf */; };
		FF24548B1207C5A100B0F1AE /* MvMAGRoundBold.ttf in Resources */ = {isa = PBXBuildFile; fileRef = FF24548A1207C5A100B0F1AE /* MvMAGRoundBold.ttf */; };
		FF2454B11207C83500B0F1AE /* maldivian57.png in Resources */ = {isa = PBXBuildFile; fileRef = FF2454B01207C83500B0F1AE /* maldivian57.png */; };
		FFDE313012003D6700BCE4DC /* a_faruma.ttf in Resources */ = {isa = PBXBuildFile; fileRef = FFDE312F12003D6700BCE4DC /* a_faruma.ttf */; };
/* End PBXBuildFile section */

/* Begin PBXFileReference section */
		3C2B91041211BA440029764F /* libMobclix.a */ = {isa = PBXFileReference; lastKnownFileType = archive.ar; path = libMobclix.a; sourceTree = "<group>"; };
		3C2B91051211BA440029764F /* MCBrowserViewController.h */ = {isa = PBXFileReference; fileEncoding = 4; lastKnownFileType = sourcecode.c.h; path = MCBrowserViewController.h; sourceTree = "<group>"; };
		3C2B91061211BA440029764F /* Mobclix.h */ = {isa = PBXFileReference; fileEncoding = 4; lastKnownFileType = sourcecode.c.h; path = Mobclix.h; sourceTree = "<group>"; };
		3C2B91071211BA440029764F /* MobclixAds.h */ = {isa = PBXFileReference; fileEncoding = 4; lastKnownFileType = sourcecode.c.h; path = MobclixAds.h; sourceTree = "<group>"; };
		3C2B91081211BA440029764F /* MobclixDemographics.h */ = {isa = PBXFileReference; fileEncoding = 4; lastKnownFileType = sourcecode.c.h; path = MobclixDemographics.h; sourceTree = "<group>"; };
		3C2B91091211BA440029764F /* MobclixFeedback.h */ = {isa = PBXFileReference; fileEncoding = 4; lastKnownFileType = sourcecode.c.h; path = MobclixFeedback.h; sourceTree = "<group>"; };
		3C2B91181211BB5B0029764F /* libMobclix.a */ = {isa = PBXFileReference; lastKnownFileType = archive.ar; path = libMobclix.a; sourceTree = "<group>"; };
		3C2B91241211BC030029764F /* MediaPlayer.framework */ = {isa = PBXFileReference; lastKnownFileType = wrapper.framework; name = MediaPlayer.framework; path = System/Library/Frameworks/MediaPlayer.framework; sourceTree = SDKROOT; };
		3C2B91261211BC030029764F /* SystemConfiguration.framework */ = {isa = PBXFileReference; lastKnownFileType = wrapper.framework; name = SystemConfiguration.framework; path = System/Library/Frameworks/SystemConfiguration.framework; sourceTree = SDKROOT; };
		3C2B91C11211BD320029764F /* libOAuth.a */ = {isa = PBXFileReference; lastKnownFileType = archive.ar; path = libOAuth.a; sourceTree = "<group>"; };
		3C2B91C21211BD320029764F /* libml.a */ = {isa = PBXFileReference; lastKnownFileType = archive.ar; path = libml.a; sourceTree = "<group>"; };
		3C2B91C31211BD320029764F /* libstdc++.dylib */ = {isa = PBXFileReference; lastKnownFileType = "compiled.mach-o.dylib"; path = "libstdc++.dylib"; sourceTree = "<group>"; };
		3C2B921E1211BD720029764F /* libxml2.dylib */ = {isa = PBXFileReference; lastKnownFileType = "compiled.mach-o.dylib"; name = libxml2.dylib; path = usr/lib/libxml2.dylib; sourceTree = SDKROOT; };
		3C2B952F121306DB0029764F /* JSON.h */ = {isa = PBXFileReference; fileEncoding = 4; lastKnownFileType = sourcecode.c.h; path = JSON.h; sourceTree = "<group>"; };
		3C2B9530121306DB0029764F /* NSObject+SBJSON.h */ = {isa = PBXFileReference; fileEncoding = 4; lastKnownFileType = sourcecode.c.h; path = "NSObject+SBJSON.h"; sourceTree = "<group>"; };
		3C2B9531121306DB0029764F /* NSObject+SBJSON.m */ = {isa = PBXFileReference; fileEncoding = 4; lastKnownFileType = sourcecode.c.objc; path = "NSObject+SBJSON.m"; sourceTree = "<group>"; };
		3C2B9532121306DC0029764F /* NSString+SBJSON.h */ = {isa = PBXFileReference; fileEncoding = 4; lastKnownFileType = sourcecode.c.h; path = "NSString+SBJSON.h"; sourceTree = "<group>"; };
		3C2B9533121306DC0029764F /* NSString+SBJSON.m */ = {isa = PBXFileReference; fileEncoding = 4; lastKnownFileType = sourcecode.c.objc; path = "NSString+SBJSON.m"; sourceTree = "<group>"; };
		3C2B9534121306DC0029764F /* SBJSON.h */ = {isa = PBXFileReference; fileEncoding = 4; lastKnownFileType = sourcecode.c.h; path = SBJSON.h; sourceTree = "<group>"; };
		3C2B9535121306DC0029764F /* SBJSON.m */ = {isa = PBXFileReference; fileEncoding = 4; lastKnownFileType = sourcecode.c.objc; path = SBJSON.m; sourceTree = "<group>"; };
		3C2B9536121306DC0029764F /* SBJsonBase.h */ = {isa = PBXFileReference; fileEncoding = 4; lastKnownFileType = sourcecode.c.h; path = SBJsonBase.h; sourceTree = "<group>"; };
		3C2B9537121306DC0029764F /* SBJsonBase.m */ = {isa = PBXFileReference; fileEncoding = 4; lastKnownFileType = sourcecode.c.objc; path = SBJsonBase.m; sourceTree = "<group>"; };
		3C2B9538121306DC0029764F /* SBJsonParser.h */ = {isa = PBXFileReference; fileEncoding = 4; lastKnownFileType = sourcecode.c.h; path = SBJsonParser.h; sourceTree = "<group>"; };
		3C2B9539121306DC0029764F /* SBJsonParser.m */ = {isa = PBXFileReference; fileEncoding = 4; lastKnownFileType = sourcecode.c.objc; path = SBJsonParser.m; sourceTree = "<group>"; };
		3C2B953A121306DC0029764F /* SBJsonWriter.h */ = {isa = PBXFileReference; fileEncoding = 4; lastKnownFileType = sourcecode.c.h; path = SBJsonWriter.h; sourceTree = "<group>"; };
		3C2B953B121306DC0029764F /* SBJsonWriter.m */ = {isa = PBXFileReference; fileEncoding = 4; lastKnownFileType = sourcecode.c.objc; path = SBJsonWriter.m; sourceTree = "<group>"; };
		3C309431128A77B100E360C5 /* NSString+HTML.h */ = {isa = PBXFileReference; fileEncoding = 4; lastKnownFileType = sourcecode.c.h; path = "NSString+HTML.h"; sourceTree = "<group>"; };
		3C309432128A77B100E360C5 /* NSString+HTML.m */ = {isa = PBXFileReference; fileEncoding = 4; lastKnownFileType = sourcecode.c.objc; path = "NSString+HTML.m"; sourceTree = "<group>"; };
		3C309433128A77B100E360C5 /* NSDate+InternetDateTime.h */ = {isa = PBXFileReference; fileEncoding = 4; lastKnownFileType = sourcecode.c.h; path = "NSDate+InternetDateTime.h"; sourceTree = "<group>"; };
		3C309434128A77B100E360C5 /* NSDate+InternetDateTime.m */ = {isa = PBXFileReference; fileEncoding = 4; lastKnownFileType = sourcecode.c.objc; path = "NSDate+InternetDateTime.m"; sourceTree = "<group>"; };
		3C309436128A77B100E360C5 /* GTMNSString+HTML.h */ = {isa = PBXFileReference; fileEncoding = 4; lastKnownFileType = sourcecode.c.h; path = "GTMNSString+HTML.h"; sourceTree = "<group>"; };
		3C309437128A77B100E360C5 /* GTMNSString+HTML.m */ = {isa = PBXFileReference; fileEncoding = 4; lastKnownFileType = sourcecode.c.objc; path = "GTMNSString+HTML.m"; sourceTree = "<group>"; };
		3C309438128A77B100E360C5 /* GTMDefines.h */ = {isa = PBXFileReference; fileEncoding = 4; lastKnownFileType = sourcecode.c.h; path = GTMDefines.h; sourceTree = "<group>"; };
		3C30943A128A77B100E360C5 /* NSString+XMLEntities.h */ = {isa = PBXFileReference; fileEncoding = 4; lastKnownFileType = sourcecode.c.h; path = "NSString+XMLEntities.h"; sourceTree = "<group>"; };
		3C30943B128A77B100E360C5 /* NSString+XMLEntities.m */ = {isa = PBXFileReference; fileEncoding = 4; lastKnownFileType = sourcecode.c.objc; path = "NSString+XMLEntities.m"; sourceTree = "<group>"; };
		3C30943D128A77B100E360C5 /* MWFeedParser.h */ = {isa = PBXFileReference; fileEncoding = 4; lastKnownFileType = sourcecode.c.h; path = MWFeedParser.h; sourceTree = "<group>"; };
		3C30943E128A77B100E360C5 /* MWFeedParser_Private.h */ = {isa = PBXFileReference; fileEncoding = 4; lastKnownFileType = sourcecode.c.h; path = MWFeedParser_Private.h; sourceTree = "<group>"; };
		3C30943F128A77B100E360C5 /* MWFeedParser.m */ = {isa = PBXFileReference; fileEncoding = 4; lastKnownFileType = sourcecode.c.objc; path = MWFeedParser.m; sourceTree = "<group>"; };
		3C309440128A77B100E360C5 /* MWFeedInfo.h */ = {isa = PBXFileReference; fileEncoding = 4; lastKnownFileType = sourcecode.c.h; path = MWFeedInfo.h; sourceTree = "<group>"; };
		3C309441128A77B100E360C5 /* MWFeedInfo.m */ = {isa = PBXFileReference; fileEncoding = 4; lastKnownFileType = sourcecode.c.objc; path = MWFeedInfo.m; sourceTree = "<group>"; };
		3C309442128A77B100E360C5 /* MWFeedItem.h */ = {isa = PBXFileReference; fileEncoding = 4; lastKnownFileType = sourcecode.c.h; path = MWFeedItem.h; sourceTree = "<group>"; };
		3C309443128A77B200E360C5 /* MWFeedItem.m */ = {isa = PBXFileReference; fileEncoding = 4; lastKnownFileType = sourcecode.c.objc; path = MWFeedItem.m; sourceTree = "<group>"; };
		3C3094AC128A7D9000E360C5 /* haveeru.h */ = {isa = PBXFileReference; fileEncoding = 4; lastKnownFileType = sourcecode.c.h; name = haveeru.h; path = ../haveeru.h; sourceTree = "<group>"; };
		3C3094AD128A7D9000E360C5 /* haveeru.m */ = {isa = PBXFileReference; fileEncoding = 4; lastKnownFileType = sourcecode.c.objc; name = haveeru.m; path = ../haveeru.m; sourceTree = "<group>"; };
		3C3094AE128A7D9000E360C5 /* haveeru.xib */ = {isa = PBXFileReference; lastKnownFileType = file.xib; name = haveeru.xib; path = ../haveeru.xib; sourceTree = "<group>"; };
		3C3094DC128A7F9600E360C5 /* haveeruCell.xib */ = {isa = PBXFileReference; lastKnownFileType = file.xib; path = haveeruCell.xib; sourceTree = "<group>"; };
		3C30957E128A93D400E360C5 /* haveeruArticle.h */ = {isa = PBXFileReference; fileEncoding = 4; lastKnownFileType = sourcecode.c.h; name = haveeruArticle.h; path = ../haveeruArticle.h; sourceTree = "<group>"; };
		3C30957F128A93D400E360C5 /* haveeruArticle.m */ = {isa = PBXFileReference; fileEncoding = 4; lastKnownFileType = sourcecode.c.objc; name = haveeruArticle.m; path = ../haveeruArticle.m; sourceTree = "<group>"; };
		3C309580128A93D400E360C5 /* haveeruArticle.xib */ = {isa = PBXFileReference; lastKnownFileType = file.xib; name = haveeruArticle.xib; path = ../haveeruArticle.xib; sourceTree = "<group>"; };
		3C309589128A952500E360C5 /* ASIHTTPRequestConfig.h */ = {isa = PBXFileReference; fileEncoding = 4; lastKnownFileType = sourcecode.c.h; path = ASIHTTPRequestConfig.h; sourceTree = "<group>"; };
		3C30958A128A952500E360C5 /* ASICacheDelegate.h */ = {isa = PBXFileReference; fileEncoding = 4; lastKnownFileType = sourcecode.c.h; path = ASICacheDelegate.h; sourceTree = "<group>"; };
		3C30958B128A952500E360C5 /* ASIHTTPRequestDelegate.h */ = {isa = PBXFileReference; fileEncoding = 4; lastKnownFileType = sourcecode.c.h; path = ASIHTTPRequestDelegate.h; sourceTree = "<group>"; };
		3C30958C128A952500E360C5 /* ASIProgressDelegate.h */ = {isa = PBXFileReference; fileEncoding = 4; lastKnownFileType = sourcecode.c.h; path = ASIProgressDelegate.h; sourceTree = "<group>"; };
		3C30958D128A952600E360C5 /* ASIAuthenticationDialog.h */ = {isa = PBXFileReference; fileEncoding = 4; lastKnownFileType = sourcecode.c.h; path = ASIAuthenticationDialog.h; sourceTree = "<group>"; };
		3C30958E128A952600E360C5 /* ASIAuthenticationDialog.m */ = {isa = PBXFileReference; fileEncoding = 4; lastKnownFileType = sourcecode.c.objc; path = ASIAuthenticationDialog.m; sourceTree = "<group>"; };
		3C30958F128A952600E360C5 /* ASIInputStream.h */ = {isa = PBXFileReference; fileEncoding = 4; lastKnownFileType = sourcecode.c.h; path = ASIInputStream.h; sourceTree = "<group>"; };
		3C309590128A952600E360C5 /* ASIInputStream.m */ = {isa = PBXFileReference; fileEncoding = 4; lastKnownFileType = sourcecode.c.objc; path = ASIInputStream.m; sourceTree = "<group>"; };
		3C309591128A952600E360C5 /* ASIFormDataRequest.h */ = {isa = PBXFileReference; fileEncoding = 4; lastKnownFileType = sourcecode.c.h; path = ASIFormDataRequest.h; sourceTree = "<group>"; };
		3C309592128A952600E360C5 /* ASIFormDataRequest.m */ = {isa = PBXFileReference; fileEncoding = 4; lastKnownFileType = sourcecode.c.objc; path = ASIFormDataRequest.m; sourceTree = "<group>"; };
		3C309593128A952700E360C5 /* ASIHTTPRequest.h */ = {isa = PBXFileReference; fileEncoding = 4; lastKnownFileType = sourcecode.c.h; path = ASIHTTPRequest.h; sourceTree = "<group>"; };
		3C309594128A952700E360C5 /* ASIHTTPRequest.m */ = {isa = PBXFileReference; fileEncoding = 4; lastKnownFileType = sourcecode.c.objc; path = ASIHTTPRequest.m; sourceTree = "<group>"; };
		3C309595128A952700E360C5 /* ASINetworkQueue.h */ = {isa = PBXFileReference; fileEncoding = 4; lastKnownFileType = sourcecode.c.h; path = ASINetworkQueue.h; sourceTree = "<group>"; };
		3C309596128A952700E360C5 /* ASINetworkQueue.m */ = {isa = PBXFileReference; fileEncoding = 4; lastKnownFileType = sourcecode.c.objc; path = ASINetworkQueue.m; sourceTree = "<group>"; };
		3C309597128A952700E360C5 /* ASIDownloadCache.h */ = {isa = PBXFileReference; fileEncoding = 4; lastKnownFileType = sourcecode.c.h; path = ASIDownloadCache.h; sourceTree = "<group>"; };
		3C309598128A952800E360C5 /* ASIDownloadCache.m */ = {isa = PBXFileReference; fileEncoding = 4; lastKnownFileType = sourcecode.c.objc; path = ASIDownloadCache.m; sourceTree = "<group>"; };
		3C3095A5128A96ED00E360C5 /* Reachability.h */ = {isa = PBXFileReference; fileEncoding = 4; lastKnownFileType = sourcecode.c.h; name = Reachability.h; path = JSON/Reachability.h; sourceTree = "<group>"; };
		3C3095A6128A96ED00E360C5 /* Reachability.m */ = {isa = PBXFileReference; fileEncoding = 4; lastKnownFileType = sourcecode.c.objc; name = Reachability.m; path = JSON/Reachability.m; sourceTree = "<group>"; };
		3C309651128A97FA00E360C5 /* MobileCoreServices.framework */ = {isa = PBXFileReference; lastKnownFileType = wrapper.framework; name = MobileCoreServices.framework; path = System/Library/Frameworks/MobileCoreServices.framework; sourceTree = SDKROOT; };
		3C309655128A987100E360C5 /* CFNetwork.framework */ = {isa = PBXFileReference; lastKnownFileType = wrapper.framework; name = CFNetwork.framework; path = System/Library/Frameworks/CFNetwork.framework; sourceTree = SDKROOT; };
		3C30965D128A98B500E360C5 /* libz.1.2.3.dylib */ = {isa = PBXFileReference; lastKnownFileType = "compiled.mach-o.dylib"; name = libz.1.2.3.dylib; path = usr/lib/libz.1.2.3.dylib; sourceTree = SDKROOT; };
		3C38764E11FC21BE00BE6B26 /* newSite.xib */ = {isa = PBXFileReference; lastKnownFileType = file.xib; path = newSite.xib; sourceTree = "<group>"; };
		3C38765011FC21E200BE6B26 /* newSite.h */ = {isa = PBXFileReference; fileEncoding = 4; lastKnownFileType = sourcecode.c.h; path = newSite.h; sourceTree = "<group>"; };
		3C38765111FC21E200BE6B26 /* newSite.m */ = {isa = PBXFileReference; fileEncoding = 4; lastKnownFileType = sourcecode.c.objc; path = newSite.m; sourceTree = "<group>"; };
		3C3876C111FC2C1500BE6B26 /* browserView.h */ = {isa = PBXFileReference; fileEncoding = 4; lastKnownFileType = sourcecode.c.h; path = browserView.h; sourceTree = "<group>"; };
		3C3876C211FC2C1500BE6B26 /* browserView.m */ = {isa = PBXFileReference; fileEncoding = 4; lastKnownFileType = sourcecode.c.objc; path = browserView.m; sourceTree = "<group>"; };
		3C3876C311FC2C1500BE6B26 /* browserView.xib */ = {isa = PBXFileReference; lastKnownFileType = file.xib; name = browserView.xib; path = Classes/browserView.xib; sourceTree = "<group>"; };
		3C38778411FC3ED100BE6B26 /* Mv MAG Round.otf.ttf */ = {isa = PBXFileReference; lastKnownFileType = file; path = "Mv MAG Round.otf.ttf"; sourceTree = "<group>"; };
		3C38778511FC3ED100BE6B26 /* MvElaafLite.ttf */ = {isa = PBXFileReference; lastKnownFileType = file; path = MvElaafLite.ttf; sourceTree = "<group>"; };
		3C38778611FC3ED100BE6B26 /* mvfaseyha.otf */ = {isa = PBXFileReference; lastKnownFileType = file; path = mvfaseyha.otf; sourceTree = "<group>"; };
		3C38778711FC3ED100BE6B26 /* MvIyyuNala.ttf */ = {isa = PBXFileReference; lastKnownFileType = file; path = MvIyyuNala.ttf; sourceTree = "<group>"; };
		3C38778811FC3ED100BE6B26 /* MvIyyuNormal.ttf */ = {isa = PBXFileReference; lastKnownFileType = file; path = MvIyyuNormal.ttf; sourceTree = "<group>"; };
		3C38778911FC3ED100BE6B26 /* MvLadyLuck.ttf */ = {isa = PBXFileReference; lastKnownFileType = file; path = MvLadyLuck.ttf; sourceTree = "<group>"; };
		3C38778A11FC3ED100BE6B26 /* MvMAGRound.ttf */ = {isa = PBXFileReference; lastKnownFileType = file; path = MvMAGRound.ttf; sourceTree = "<group>"; };
		3C38778B11FC3ED100BE6B26 /* MvMAGRoundHollow.ttf */ = {isa = PBXFileReference; lastKnownFileType = file; path = MvMAGRoundHollow.ttf; sourceTree = "<group>"; };
		3C38778C11FC3ED100BE6B26 /* MvMAGRoundXBold.ttf */ = {isa = PBXFileReference; lastKnownFileType = file; path = MvMAGRoundXBold.ttf; sourceTree = "<group>"; };
		3C38778D11FC3ED100BE6B26 /* RANDHOO.TTF */ = {isa = PBXFileReference; lastKnownFileType = file; path = RANDHOO.TTF; sourceTree = "<group>"; };
		3C3877C111FC462100BE6B26 /* maldivian72.jpg */ = {isa = PBXFileReference; lastKnownFileType = image.jpeg; path = maldivian72.jpg; sourceTree = "<group>"; };
		3C9C037C11FA2864000F1790 /* iDhivehiSites.app */ = {isa = PBXFileReference; explicitFileType = wrapper.application; includeInIndex = 0; path = iDhivehiSites.app; sourceTree = BUILT_PRODUCTS_DIR; };
		3C9C037F11FA2864000F1790 /* UIKit.framework */ = {isa = PBXFileReference; lastKnownFileType = wrapper.framework; name = UIKit.framework; path = System/Library/Frameworks/UIKit.framework; sourceTree = SDKROOT; };
		3C9C038111FA2864000F1790 /* Foundation.framework */ = {isa = PBXFileReference; lastKnownFileType = wrapper.framework; name = Foundation.framework; path = System/Library/Frameworks/Foundation.framework; sourceTree = SDKROOT; };
		3C9C038311FA2864000F1790 /* CoreGraphics.framework */ = {isa = PBXFileReference; lastKnownFileType = wrapper.framework; name = CoreGraphics.framework; path = System/Library/Frameworks/CoreGraphics.framework; sourceTree = SDKROOT; };
		3C9C038511FA2864000F1790 /* iDhivehiSites-Info.plist */ = {isa = PBXFileReference; lastKnownFileType = text.plist.xml; path = "iDhivehiSites-Info.plist"; sourceTree = "<group>"; };
		3C9C038611FA2864000F1790 /* iDhivehiSites_Prefix.pch */ = {isa = PBXFileReference; lastKnownFileType = sourcecode.c.h; path = iDhivehiSites_Prefix.pch; sourceTree = "<group>"; };
		3C9C038811FA2864000F1790 /* en */ = {isa = PBXFileReference; lastKnownFileType = text.plist.strings; name = en; path = en.lproj/InfoPlist.strings; sourceTree = "<group>"; };
		3C9C038A11FA2864000F1790 /* main.m */ = {isa = PBXFileReference; lastKnownFileType = sourcecode.c.objc; path = main.m; sourceTree = "<group>"; };
		3C9C038C11FA2864000F1790 /* iDhivehiSitesAppDelegate.h */ = {isa = PBXFileReference; lastKnownFileType = sourcecode.c.h; path = iDhivehiSitesAppDelegate.h; sourceTree = "<group>"; };
		3C9C038D11FA2864000F1790 /* iDhivehiSitesAppDelegate.m */ = {isa = PBXFileReference; lastKnownFileType = sourcecode.c.objc; path = iDhivehiSitesAppDelegate.m; sourceTree = "<group>"; };
		3C9C039011FA2864000F1790 /* en */ = {isa = PBXFileReference; lastKnownFileType = file.xib; name = en; path = en.lproj/MainWindow.xib; sourceTree = "<group>"; };
		3C9C039211FA2864000F1790 /* iDhivehiSitesViewController.h */ = {isa = PBXFileReference; lastKnownFileType = sourcecode.c.h; path = iDhivehiSitesViewController.h; sourceTree = "<group>"; };
		3C9C039311FA2864000F1790 /* iDhivehiSitesViewController.m */ = {isa = PBXFileReference; lastKnownFileType = sourcecode.c.objc; path = iDhivehiSitesViewController.m; sourceTree = "<group>"; };
		3C9C039611FA2864000F1790 /* en */ = {isa = PBXFileReference; lastKnownFileType = file.xib; name = en; path = en.lproj/iDhivehiSitesViewController.xib; sourceTree = "<group>"; };
		3CAADB6611FC4C6900B6A8BD /* cell.xib */ = {isa = PBXFileReference; lastKnownFileType = file.xib; path = cell.xib; sourceTree = "<group>"; };
		3CB4842911FA32BA00A3A62C /* avas3__0.TTF */ = {isa = PBXFileReference; lastKnownFileType = file; path = avas3__0.TTF; sourceTree = "<group>"; };
		3CB4842A11FA32BA00A3A62C /* Faruma.ttf */ = {isa = PBXFileReference; lastKnownFileType = file; path = Faruma.ttf; sourceTree = "<group>"; };
		3CB4842B11FA32BA00A3A62C /* faseyha.TTF */ = {isa = PBXFileReference; lastKnownFileType = file; path = faseyha.TTF; sourceTree = "<group>"; };
		3CB4842C11FA32BA00A3A62C /* globe.png */ = {isa = PBXFileReference; lastKnownFileType = image.png; path = globe.png; sourceTree = "<group>"; };
		3CB4842D11FA32BA00A3A62C /* haama.png */ = {isa = PBXFileReference; lastKnownFileType = image.png; path = haama.png; sourceTree = "<group>"; };
		3CB4842E11FA32BA00A3A62C /* haveeru.png */ = {isa = PBXFileReference; lastKnownFileType = image.png; path = haveeru.png; sourceTree = "<group>"; };
		3CB4842F11FA32BA00A3A62C /* jazeera.png */ = {isa = PBXFileReference; lastKnownFileType = image.png; path = jazeera.png; sourceTree = "<group>"; };
		3CB4843211FA32BA00A3A62C /* mdp.png */ = {isa = PBXFileReference; lastKnownFileType = image.png; path = mdp.png; sourceTree = "<group>"; };
		3CB4843311FA32BA00A3A62C /* miadhu.png */ = {isa = PBXFileReference; lastKnownFileType = image.png; path = miadhu.png; sourceTree = "<group>"; };
		3CB4843411FA32BA00A3A62C /* minivan.png */ = {isa = PBXFileReference; lastKnownFileType = image.png; path = minivan.png; sourceTree = "<group>"; };
		3CB4843511FA32BA00A3A62C /* muraasil.png */ = {isa = PBXFileReference; lastKnownFileType = image.png; path = muraasil.png; sourceTree = "<group>"; };
		3CB4843611FA32BA00A3A62C /* Mv Eamaan XP.ttf */ = {isa = PBXFileReference; lastKnownFileType = file; path = "Mv Eamaan XP.ttf"; sourceTree = "<group>"; };
		3CB4843711FA32BA00A3A62C /* Mv Iyyu Formal.ttf */ = {isa = PBXFileReference; lastKnownFileType = file; path = "Mv Iyyu Formal.ttf"; sourceTree = "<group>"; };
		3CB4843811FA32BA00A3A62C /* MvElaafNormal.ttf */ = {isa = PBXFileReference; lastKnownFileType = file; path = MvElaafNormal.ttf; sourceTree = "<group>"; };
		3CB4843A11FA32BA00A3A62C /* Tahoma.ttf */ = {isa = PBXFileReference; lastKnownFileType = file; path = Tahoma.ttf; sourceTree = "<group>"; };
		3CB4843B11FA32BA00A3A62C /* Thaana1U.ttf */ = {isa = PBXFileReference; lastKnownFileType = file; path = Thaana1U.ttf; sourceTree = "<group>"; };
		FF1B40F911FD292F007BE622 /* A_REETHI.ttf */ = {isa = PBXFileReference; lastKnownFileType = file; path = A_REETHI.ttf; sourceTree = "<group>"; };
		FF1B40FB11FD2998007BE622 /* ILHAM.TTF */ = {isa = PBXFileReference; lastKnownFileType = file; path = ILHAM.TTF; sourceTree = "<group>"; };
		FF1B411711FD4060007BE622 /* maldivian57.jpg */ = {isa = PBXFileReference; lastKnownFileType = image.jpeg; path = maldivian57.jpg; sourceTree = "<group>"; };
		FF24545C1207BEEE00B0F1AE /* 9603ran.ttf */ = {isa = PBXFileReference; lastKnownFileType = file; path = 9603ran.ttf; sourceTree = "<group>"; };
		FF24545D1207BEEE00B0F1AE /* Aafrasmy.ttf */ = {isa = PBXFileReference; lastKnownFileType = file; path = Aafrasmy.ttf; sourceTree = "<group>"; };
		FF24545E1207BEEE00B0F1AE /* Aafthedu.ttf */ = {isa = PBXFileReference; lastKnownFileType = file; path = Aafthedu.ttf; sourceTree = "<group>"; };
		FF24545F1207BEEE00B0F1AE /* Aahthedu.ttf */ = {isa = PBXFileReference; lastKnownFileType = file; path = Aahthedu.ttf; sourceTree = "<group>"; };
		FF2454601207BEEE00B0F1AE /* Afk2p.ttf */ = {isa = PBXFileReference; lastKnownFileType = file; path = Afk2p.ttf; sourceTree = "<group>"; };
		FF2454611207BEEE00B0F1AE /* Akko.ttf */ = {isa = PBXFileReference; lastKnownFileType = file; path = Akko.ttf; sourceTree = "<group>"; };
		FF2454621207BEEE00B0F1AE /* Akurub.ttf */ = {isa = PBXFileReference; lastKnownFileType = file; path = Akurub.ttf; sourceTree = "<group>"; };
		FF2454631207BEEE00B0F1AE /* Amufk2.ttf */ = {isa = PBXFileReference; lastKnownFileType = file; path = Amufk2.ttf; sourceTree = "<group>"; };
		FF2454641207BEEE00B0F1AE /* Athiri.ttf */ = {isa = PBXFileReference; lastKnownFileType = file; path = Athiri.ttf; sourceTree = "<group>"; };
		FF2454651207BEEE00B0F1AE /* Athiri01.ttf */ = {isa = PBXFileReference; lastKnownFileType = file; path = Athiri01.ttf; sourceTree = "<group>"; };
		FF2454661207BEEE00B0F1AE /* Athiri02.ttf */ = {isa = PBXFileReference; lastKnownFileType = file; path = Athiri02.ttf; sourceTree = "<group>"; };
		FF2454671207BEEE00B0F1AE /* Athiri03.ttf */ = {isa = PBXFileReference; lastKnownFileType = file; path = Athiri03.ttf; sourceTree = "<group>"; };
		FF2454681207BEEE00B0F1AE /* Bismi.ttf */ = {isa = PBXFileReference; lastKnownFileType = file; path = Bismi.ttf; sourceTree = "<group>"; };
		FF2454761207C09700B0F1AE /* Mv Elaaf Normal.otf.ttf */ = {isa = PBXFileReference; lastKnownFileType = file; path = "Mv Elaaf Normal.otf.ttf"; sourceTree = "<group>"; };
		FF2454781207C0C700B0F1AE /* Mv Elaaf Formal.ttf */ = {isa = PBXFileReference; lastKnownFileType = file; path = "Mv Elaaf Formal.ttf"; sourceTree = "<group>"; };
		FF24547A1207C16500B0F1AE /* Mv MAG Round Hollow.otf.ttf */ = {isa = PBXFileReference; lastKnownFileType = file; path = "Mv MAG Round Hollow.otf.ttf"; sourceTree = "<group>"; };
		FF24547B1207C16500B0F1AE /* Mv MAG Round XBold.otf.ttf */ = {isa = PBXFileReference; lastKnownFileType = file; path = "Mv MAG Round XBold.otf.ttf"; sourceTree = "<group>"; };
		FF24547C1207C1A700B0F1AE /* MvSehgaFB.ttf */ = {isa = PBXFileReference; lastKnownFileType = file; path = MvSehgaFB.ttf; sourceTree = "<group>"; };
		FF24548A1207C5A100B0F1AE /* MvMAGRoundBold.ttf */ = {isa = PBXFileReference; lastKnownFileType = file; path = MvMAGRoundBold.ttf; sourceTree = "<group>"; };
		FF2454B01207C83500B0F1AE /* maldivian57.png */ = {isa = PBXFileReference; lastKnownFileType = image.png; path = maldivian57.png; sourceTree = "<group>"; };
		FFDE312F12003D6700BCE4DC /* a_faruma.ttf */ = {isa = PBXFileReference; lastKnownFileType = file; path = a_faruma.ttf; sourceTree = "<group>"; };
/* End PBXFileReference section */

/* Begin PBXFrameworksBuildPhase section */
		3C9C037911FA2864000F1790 /* Frameworks */ = {
			isa = PBXFrameworksBuildPhase;
			buildActionMask = 2147483647;
			files = (
				3C9C038011FA2864000F1790 /* UIKit.framework in Frameworks */,
				3C9C038211FA2864000F1790 /* Foundation.framework in Frameworks */,
				3C9C038411FA2864000F1790 /* CoreGraphics.framework in Frameworks */,
				3C2B910A1211BA440029764F /* libMobclix.a in Frameworks */,
				3C2B91251211BC030029764F /* MediaPlayer.framework in Frameworks */,
				3C2B91271211BC030029764F /* SystemConfiguration.framework in Frameworks */,
				3C2B91C61211BD320029764F /* libOAuth.a in Frameworks */,
				3C2B91C71211BD320029764F /* libml.a in Frameworks */,
				3C2B91C81211BD330029764F /* libstdc++.dylib in Frameworks */,
				3C2B921F1211BD720029764F /* libxml2.dylib in Frameworks */,
				3C309652128A97FA00E360C5 /* MobileCoreServices.framework in Frameworks */,
				3C309656128A987100E360C5 /* CFNetwork.framework in Frameworks */,
				3C30965E128A98B500E360C5 /* libz.1.2.3.dylib in Frameworks */,
			);
			runOnlyForDeploymentPostprocessing = 0;
		};
/* End PBXFrameworksBuildPhase section */

/* Begin PBXGroup section */
		3C2B91031211BA430029764F /* mobclix.lib */ = {
			isa = PBXGroup;
			children = (
				3C2B91041211BA440029764F /* libMobclix.a */,
				3C2B91051211BA440029764F /* MCBrowserViewController.h */,
				3C2B91061211BA440029764F /* Mobclix.h */,
				3C2B91071211BA440029764F /* MobclixAds.h */,
				3C2B91081211BA440029764F /* MobclixDemographics.h */,
				3C2B91091211BA440029764F /* MobclixFeedback.h */,
			);
			path = mobclix.lib;
			sourceTree = "<group>";
		};
		3C2B952E121306DB0029764F /* JSON */ = {
			isa = PBXGroup;
			children = (
				3C2B952F121306DB0029764F /* JSON.h */,
				3C2B9530121306DB0029764F /* NSObject+SBJSON.h */,
				3C2B9531121306DB0029764F /* NSObject+SBJSON.m */,
				3C2B9532121306DC0029764F /* NSString+SBJSON.h */,
				3C2B9533121306DC0029764F /* NSString+SBJSON.m */,
				3C2B9534121306DC0029764F /* SBJSON.h */,
				3C2B9535121306DC0029764F /* SBJSON.m */,
				3C2B9536121306DC0029764F /* SBJsonBase.h */,
				3C2B9537121306DC0029764F /* SBJsonBase.m */,
				3C2B9538121306DC0029764F /* SBJsonParser.h */,
				3C2B9539121306DC0029764F /* SBJsonParser.m */,
				3C2B953A121306DC0029764F /* SBJsonWriter.h */,
				3C2B953B121306DC0029764F /* SBJsonWriter.m */,
			);
			path = JSON;
			sourceTree = "<group>";
		};
		3C309430128A77B100E360C5 /* Categories */ = {
			isa = PBXGroup;
			children = (
				3C309439128A77B100E360C5 /* Depreciated */,
				3C309435128A77B100E360C5 /* Google Toolbox for Mac */,
				3C309431128A77B100E360C5 /* NSString+HTML.h */,
				3C309432128A77B100E360C5 /* NSString+HTML.m */,
				3C309433128A77B100E360C5 /* NSDate+InternetDateTime.h */,
				3C309434128A77B100E360C5 /* NSDate+InternetDateTime.m */,
			);
			name = Categories;
			sourceTree = "<group>";
		};
		3C309435128A77B100E360C5 /* Google Toolbox for Mac */ = {
			isa = PBXGroup;
			children = (
				3C309436128A77B100E360C5 /* GTMNSString+HTML.h */,
				3C309437128A77B100E360C5 /* GTMNSString+HTML.m */,
				3C309438128A77B100E360C5 /* GTMDefines.h */,
			);
			name = "Google Toolbox for Mac";
			sourceTree = "<group>";
		};
		3C309439128A77B100E360C5 /* Depreciated */ = {
			isa = PBXGroup;
			children = (
				3C30943A128A77B100E360C5 /* NSString+XMLEntities.h */,
				3C30943B128A77B100E360C5 /* NSString+XMLEntities.m */,
			);
			name = Depreciated;
			sourceTree = "<group>";
		};
		3C30943C128A77B100E360C5 /* MWFeedParser */ = {
			isa = PBXGroup;
			children = (
				3C30943D128A77B100E360C5 /* MWFeedParser.h */,
				3C30943E128A77B100E360C5 /* MWFeedParser_Private.h */,
				3C30943F128A77B100E360C5 /* MWFeedParser.m */,
				3C309440128A77B100E360C5 /* MWFeedInfo.h */,
				3C309441128A77B100E360C5 /* MWFeedInfo.m */,
				3C309442128A77B100E360C5 /* MWFeedItem.h */,
				3C309443128A77B200E360C5 /* MWFeedItem.m */,
			);
			name = MWFeedParser;
			sourceTree = "<group>";
		};
		3C309588128A952400E360C5 /* ASIHTTPRequest */ = {
			isa = PBXGroup;
			children = (
				3C309589128A952500E360C5 /* ASIHTTPRequestConfig.h */,
				3C30958A128A952500E360C5 /* ASICacheDelegate.h */,
				3C30958B128A952500E360C5 /* ASIHTTPRequestDelegate.h */,
				3C30958C128A952500E360C5 /* ASIProgressDelegate.h */,
				3C30958D128A952600E360C5 /* ASIAuthenticationDialog.h */,
				3C30958E128A952600E360C5 /* ASIAuthenticationDialog.m */,
				3C30958F128A952600E360C5 /* ASIInputStream.h */,
				3C309590128A952600E360C5 /* ASIInputStream.m */,
				3C309591128A952600E360C5 /* ASIFormDataRequest.h */,
				3C309592128A952600E360C5 /* ASIFormDataRequest.m */,
				3C309593128A952700E360C5 /* ASIHTTPRequest.h */,
				3C309594128A952700E360C5 /* ASIHTTPRequest.m */,
				3C309595128A952700E360C5 /* ASINetworkQueue.h */,
				3C309596128A952700E360C5 /* ASINetworkQueue.m */,
				3C309597128A952700E360C5 /* ASIDownloadCache.h */,
				3C309598128A952800E360C5 /* ASIDownloadCache.m */,
			);
			name = ASIHTTPRequest;
			sourceTree = "<group>";
		};
		3C82165811FAA53400C3F693 /* fonts */ = {
			isa = PBXGroup;
			children = (
				FF24548A1207C5A100B0F1AE /* MvMAGRoundBold.ttf */,
				FF24547C1207C1A700B0F1AE /* MvSehgaFB.ttf */,
				FF24547A1207C16500B0F1AE /* Mv MAG Round Hollow.otf.ttf */,
				FF24547B1207C16500B0F1AE /* Mv MAG Round XBold.otf.ttf */,
				FF2454781207C0C700B0F1AE /* Mv Elaaf Formal.ttf */,
				FF2454761207C09700B0F1AE /* Mv Elaaf Normal.otf.ttf */,
				FF24545C1207BEEE00B0F1AE /* 9603ran.ttf */,
				FF24545D1207BEEE00B0F1AE /* Aafrasmy.ttf */,
				FF24545E1207BEEE00B0F1AE /* Aafthedu.ttf */,
				FF24545F1207BEEE00B0F1AE /* Aahthedu.ttf */,
				FF2454601207BEEE00B0F1AE /* Afk2p.ttf */,
				FF2454611207BEEE00B0F1AE /* Akko.ttf */,
				FF2454621207BEEE00B0F1AE /* Akurub.ttf */,
				FF2454631207BEEE00B0F1AE /* Amufk2.ttf */,
				FF2454641207BEEE00B0F1AE /* Athiri.ttf */,
				FF2454651207BEEE00B0F1AE /* Athiri01.ttf */,
				FF2454661207BEEE00B0F1AE /* Athiri02.ttf */,
				FF2454671207BEEE00B0F1AE /* Athiri03.ttf */,
				FF2454681207BEEE00B0F1AE /* Bismi.ttf */,
				FFDE312F12003D6700BCE4DC /* a_faruma.ttf */,
				FF1B40FB11FD2998007BE622 /* ILHAM.TTF */,
				FF1B40F911FD292F007BE622 /* A_REETHI.ttf */,
				3C38778411FC3ED100BE6B26 /* Mv MAG Round.otf.ttf */,
				3C38778511FC3ED100BE6B26 /* MvElaafLite.ttf */,
				3C38778611FC3ED100BE6B26 /* mvfaseyha.otf */,
				3C38778711FC3ED100BE6B26 /* MvIyyuNala.ttf */,
				3C38778811FC3ED100BE6B26 /* MvIyyuNormal.ttf */,
				3C38778911FC3ED100BE6B26 /* MvLadyLuck.ttf */,
				3C38778A11FC3ED100BE6B26 /* MvMAGRound.ttf */,
				3C38778B11FC3ED100BE6B26 /* MvMAGRoundHollow.ttf */,
				3C38778C11FC3ED100BE6B26 /* MvMAGRoundXBold.ttf */,
				3C38778D11FC3ED100BE6B26 /* RANDHOO.TTF */,
				3CB4842911FA32BA00A3A62C /* avas3__0.TTF */,
				3CB4842A11FA32BA00A3A62C /* Faruma.ttf */,
				3CB4842B11FA32BA00A3A62C /* faseyha.TTF */,
				3CB4843611FA32BA00A3A62C /* Mv Eamaan XP.ttf */,
				3CB4843711FA32BA00A3A62C /* Mv Iyyu Formal.ttf */,
				3CB4843811FA32BA00A3A62C /* MvElaafNormal.ttf */,
				3CB4843A11FA32BA00A3A62C /* Tahoma.ttf */,
				3CB4843B11FA32BA00A3A62C /* Thaana1U.ttf */,
			);
			name = fonts;
			sourceTree = "<group>";
		};
		3C82165911FAA53B00C3F693 /* UIGraphics */ = {
			isa = PBXGroup;
			children = (
				3C3877C111FC462100BE6B26 /* maldivian72.jpg */,
				3CB4842C11FA32BA00A3A62C /* globe.png */,
				3CB4842D11FA32BA00A3A62C /* haama.png */,
				3CB4842E11FA32BA00A3A62C /* haveeru.png */,
				3CB4842F11FA32BA00A3A62C /* jazeera.png */,
				3CB4843211FA32BA00A3A62C /* mdp.png */,
				3CB4843311FA32BA00A3A62C /* miadhu.png */,
				3CB4843411FA32BA00A3A62C /* minivan.png */,
				3CB4843511FA32BA00A3A62C /* muraasil.png */,
			);
			name = UIGraphics;
			sourceTree = "<group>";
		};
		3C9C036D11FA2863000F1790 = {
			isa = PBXGroup;
			children = (
				3C309588128A952400E360C5 /* ASIHTTPRequest */,
				3C30943C128A77B100E360C5 /* MWFeedParser */,
				3C309430128A77B100E360C5 /* Categories */,
				3C2B91031211BA430029764F /* mobclix.lib */,
				3C9C037411FA2864000F1790 /* Classes */,
				3C9C037511FA2864000F1790 /* Other Sources */,
				3C9C037611FA2864000F1790 /* Resources */,
				3C9C037711FA2864000F1790 /* Frameworks */,
				3C9C037D11FA2864000F1790 /* Products */,
			);
			sourceTree = "<group>";
		};
		3C9C037411FA2864000F1790 /* Classes */ = {
			isa = PBXGroup;
			children = (
				3C2B952E121306DB0029764F /* JSON */,
				3C3095A5128A96ED00E360C5 /* Reachability.h */,
				3C3095A6128A96ED00E360C5 /* Reachability.m */,
				3C38765011FC21E200BE6B26 /* newSite.h */,
				3C38765111FC21E200BE6B26 /* newSite.m */,
				3C9C038C11FA2864000F1790 /* iDhivehiSitesAppDelegate.h */,
				3C9C038D11FA2864000F1790 /* iDhivehiSitesAppDelegate.m */,
				3C9C039211FA2864000F1790 /* iDhivehiSitesViewController.h */,
				3C9C039311FA2864000F1790 /* iDhivehiSitesViewController.m */,
				3C3876C111FC2C1500BE6B26 /* browserView.h */,
				3C3876C211FC2C1500BE6B26 /* browserView.m */,
				3C3094AC128A7D9000E360C5 /* haveeru.h */,
				3C3094AD128A7D9000E360C5 /* haveeru.m */,
				3C3094AE128A7D9000E360C5 /* haveeru.xib */,
				3C30957E128A93D400E360C5 /* haveeruArticle.h */,
				3C30957F128A93D400E360C5 /* haveeruArticle.m */,
				3C309580128A93D400E360C5 /* haveeruArticle.xib */,
			);
			path = Classes;
			sourceTree = "<group>";
		};
		3C9C037511FA2864000F1790 /* Other Sources */ = {
			isa = PBXGroup;
			children = (
				3C9C038611FA2864000F1790 /* iDhivehiSites_Prefix.pch */,
				3C9C038A11FA2864000F1790 /* main.m */,
			);
			name = "Other Sources";
			sourceTree = "<group>";
		};
		3C9C037611FA2864000F1790 /* Resources */ = {
			isa = PBXGroup;
			children = (
				3C3094DC128A7F9600E360C5 /* haveeruCell.xib */,
				FF2454B01207C83500B0F1AE /* maldivian57.png */,
				FF1B411711FD4060007BE622 /* maldivian57.jpg */,
				3C82165911FAA53B00C3F693 /* UIGraphics */,
				3C82165811FAA53400C3F693 /* fonts */,
				3C3876C311FC2C1500BE6B26 /* browserView.xib */,
				3C38764E11FC21BE00BE6B26 /* newSite.xib */,
				3C9C038511FA2864000F1790 /* iDhivehiSites-Info.plist */,
				3CAADB6611FC4C6900B6A8BD /* cell.xib */,
				3C9C038711FA2864000F1790 /* InfoPlist.strings */,
				3C9C038F11FA2864000F1790 /* MainWindow.xib */,
				3C9C039511FA2864000F1790 /* iDhivehiSitesViewController.xib */,
			);
			name = Resources;
			sourceTree = "<group>";
		};
		3C9C037711FA2864000F1790 /* Frameworks */ = {
			isa = PBXGroup;
			children = (
				3C2B91C11211BD320029764F /* libOAuth.a */,
				3C2B91C21211BD320029764F /* libml.a */,
				3C2B91C31211BD320029764F /* libstdc++.dylib */,
				3C2B91181211BB5B0029764F /* libMobclix.a */,
				3C9C037F11FA2864000F1790 /* UIKit.framework */,
				3C9C038111FA2864000F1790 /* Foundation.framework */,
				3C9C038311FA2864000F1790 /* CoreGraphics.framework */,
				3C2B91241211BC030029764F /* MediaPlayer.framework */,
				3C2B91261211BC030029764F /* SystemConfiguration.framework */,
				3C2B921E1211BD720029764F /* libxml2.dylib */,
				3C309651128A97FA00E360C5 /* MobileCoreServices.framework */,
				3C309655128A987100E360C5 /* CFNetwork.framework */,
				3C30965D128A98B500E360C5 /* libz.1.2.3.dylib */,
			);
			name = Frameworks;
			sourceTree = "<group>";
		};
		3C9C037D11FA2864000F1790 /* Products */ = {
			isa = PBXGroup;
			children = (
				3C9C037C11FA2864000F1790 /* iDhivehiSites.app */,
			);
			name = Products;
			sourceTree = "<group>";
		};
/* End PBXGroup section */

/* Begin PBXNativeTarget section */
		3C9C037B11FA2864000F1790 /* iDhivehiSites */ = {
			isa = PBXNativeTarget;
			buildConfigurationList = 3C9C039A11FA2864000F1790 /* Build configuration list for PBXNativeTarget "iDhivehiSites" */;
			buildPhases = (
				3C9C037811FA2864000F1790 /* Sources */,
				3C9C037911FA2864000F1790 /* Frameworks */,
				3C9C037A11FA2864000F1790 /* Resources */,
			);
			buildRules = (
			);
			dependencies = (
			);
			name = iDhivehiSites;
			productName = iDhivehiSites;
			productReference = 3C9C037C11FA2864000F1790 /* iDhivehiSites.app */;
			productType = "com.apple.product-type.application";
		};
/* End PBXNativeTarget section */

/* Begin PBXProject section */
		3C9C036F11FA2863000F1790 /* Project object */ = {
			isa = PBXProject;
			buildConfigurationList = 3C9C037211FA2863000F1790 /* Build configuration list for PBXProject "iDhivehiSites" */;
			compatibilityVersion = "Xcode 3.2";
			developmentRegion = English;
			hasScannedForEncodings = 0;
			knownRegions = (
				en,
			);
			mainGroup = 3C9C036D11FA2863000F1790;
			productRefGroup = 3C9C037D11FA2864000F1790 /* Products */;
			projectDirPath = "";
			projectRoot = "";
			targets = (
				3C9C037B11FA2864000F1790 /* iDhivehiSites */,
			);
		};
/* End PBXProject section */

/* Begin PBXResourcesBuildPhase section */
		3C9C037A11FA2864000F1790 /* Resources */ = {
			isa = PBXResourcesBuildPhase;
			buildActionMask = 2147483647;
			files = (
				3C9C038911FA2864000F1790 /* InfoPlist.strings in Resources */,
				3C9C039111FA2864000F1790 /* MainWindow.xib in Resources */,
				3C9C039711FA2864000F1790 /* iDhivehiSitesViewController.xib in Resources */,
				3CB4843C11FA32BA00A3A62C /* avas3__0.TTF in Resources */,
				3CB4843D11FA32BA00A3A62C /* Faruma.ttf in Resources */,
				3CB4843E11FA32BA00A3A62C /* faseyha.TTF in Resources */,
				3CB4843F11FA32BA00A3A62C /* globe.png in Resources */,
				3CB4844011FA32BA00A3A62C /* haama.png in Resources */,
				3CB4844111FA32BA00A3A62C /* haveeru.png in Resources */,
				3CB4844211FA32BA00A3A62C /* jazeera.png in Resources */,
				3CB4844511FA32BA00A3A62C /* mdp.png in Resources */,
				3CB4844611FA32BA00A3A62C /* miadhu.png in Resources */,
				3CB4844711FA32BA00A3A62C /* minivan.png in Resources */,
				3CB4844811FA32BA00A3A62C /* muraasil.png in Resources */,
				3CB4844911FA32BA00A3A62C /* Mv Eamaan XP.ttf in Resources */,
				3CB4844A11FA32BA00A3A62C /* Mv Iyyu Formal.ttf in Resources */,
				3CB4844B11FA32BA00A3A62C /* MvElaafNormal.ttf in Resources */,
				3CB4844D11FA32BA00A3A62C /* Tahoma.ttf in Resources */,
				3CB4844E11FA32BA00A3A62C /* Thaana1U.ttf in Resources */,
				3C38764F11FC21BE00BE6B26 /* newSite.xib in Resources */,
				3C3876C511FC2C1500BE6B26 /* browserView.xib in Resources */,
				3C38778E11FC3ED100BE6B26 /* Mv MAG Round.otf.ttf in Resources */,
				3C38778F11FC3ED100BE6B26 /* MvElaafLite.ttf in Resources */,
				3C38779011FC3ED100BE6B26 /* mvfaseyha.otf in Resources */,
				3C38779111FC3ED100BE6B26 /* MvIyyuNala.ttf in Resources */,
				3C38779211FC3ED100BE6B26 /* MvIyyuNormal.ttf in Resources */,
				3C38779311FC3ED100BE6B26 /* MvLadyLuck.ttf in Resources */,
				3C38779411FC3ED100BE6B26 /* MvMAGRound.ttf in Resources */,
				3C38779511FC3ED100BE6B26 /* MvMAGRoundHollow.ttf in Resources */,
				3C38779611FC3ED100BE6B26 /* MvMAGRoundXBold.ttf in Resources */,
				3C38779711FC3ED100BE6B26 /* RANDHOO.TTF in Resources */,
				3C3877C211FC462100BE6B26 /* maldivian72.jpg in Resources */,
				3CAADB6711FC4C6900B6A8BD /* cell.xib in Resources */,
				FF1B40FA11FD292F007BE622 /* A_REETHI.ttf in Resources */,
				FF1B40FC11FD2998007BE622 /* ILHAM.TTF in Resources */,
				FF1B411811FD4060007BE622 /* maldivian57.jpg in Resources */,
				FFDE313012003D6700BCE4DC /* a_faruma.ttf in Resources */,
				FF2454691207BEEE00B0F1AE /* 9603ran.ttf in Resources */,
				FF24546A1207BEEE00B0F1AE /* Aafrasmy.ttf in Resources */,
				FF24546B1207BEEE00B0F1AE /* Aafthedu.ttf in Resources */,
				FF24546C1207BEEE00B0F1AE /* Aahthedu.ttf in Resources */,
				FF24546D1207BEEE00B0F1AE /* Afk2p.ttf in Resources */,
				FF24546E1207BEEE00B0F1AE /* Akko.ttf in Resources */,
				FF24546F1207BEEE00B0F1AE /* Akurub.ttf in Resources */,
				FF2454701207BEEE00B0F1AE /* Amufk2.ttf in Resources */,
				FF2454711207BEEE00B0F1AE /* Athiri.ttf in Resources */,
				FF2454721207BEEE00B0F1AE /* Athiri01.ttf in Resources */,
				FF2454731207BEEE00B0F1AE /* Athiri02.ttf in Resources */,
				FF2454741207BEEE00B0F1AE /* Athiri03.ttf in Resources */,
				FF2454751207BEEE00B0F1AE /* Bismi.ttf in Resources */,
				FF2454771207C09700B0F1AE /* Mv Elaaf Normal.otf.ttf in Resources */,
				FF2454791207C0C700B0F1AE /* Mv Elaaf Formal.ttf in Resources */,
				FF24547D1207C1A700B0F1AE /* MvSehgaFB.ttf in Resources */,
				FF24548B1207C5A100B0F1AE /* MvMAGRoundBold.ttf in Resources */,
				FF2454B11207C83500B0F1AE /* maldivian57.png in Resources */,
				3C3094B0128A7D9000E360C5 /* haveeru.xib in Resources */,
				3C3094DD128A7F9600E360C5 /* haveeruCell.xib in Resources */,
				3C309582128A93D400E360C5 /* haveeruArticle.xib in Resources */,
			);
			runOnlyForDeploymentPostprocessing = 0;
		};
/* End PBXResourcesBuildPhase section */

/* Begin PBXSourcesBuildPhase section */
		3C9C037811FA2864000F1790 /* Sources */ = {
			isa = PBXSourcesBuildPhase;
			buildActionMask = 2147483647;
			files = (
				3C9C038B11FA2864000F1790 /* main.m in Sources */,
				3C9C038E11FA2864000F1790 /* iDhivehiSitesAppDelegate.m in Sources */,
				3C9C039411FA2864000F1790 /* iDhivehiSitesViewController.m in Sources */,
				3C38765211FC21E200BE6B26 /* newSite.m in Sources */,
				3C3876C411FC2C1500BE6B26 /* browserView.m in Sources */,
				3C2B953C121306DC0029764F /* NSObject+SBJSON.m in Sources */,
				3C2B953D121306DC0029764F /* NSString+SBJSON.m in Sources */,
				3C2B953E121306DC0029764F /* SBJSON.m in Sources */,
				3C2B953F121306DC0029764F /* SBJsonBase.m in Sources */,
				3C2B9540121306DC0029764F /* SBJsonParser.m in Sources */,
				3C2B9541121306DC0029764F /* SBJsonWriter.m in Sources */,
				3C309444128A77B200E360C5 /* NSString+HTML.m in Sources */,
				3C309445128A77B200E360C5 /* NSDate+InternetDateTime.m in Sources */,
				3C309446128A77B200E360C5 /* GTMNSString+HTML.m in Sources */,
				3C309447128A77B200E360C5 /* NSString+XMLEntities.m in Sources */,
				3C309448128A77B200E360C5 /* MWFeedParser.m in Sources */,
				3C309449128A77B200E360C5 /* MWFeedInfo.m in Sources */,
				3C30944A128A77B200E360C5 /* MWFeedItem.m in Sources */,
				3C3094AF128A7D9000E360C5 /* haveeru.m in Sources */,
				3C309581128A93D400E360C5 /* haveeruArticle.m in Sources */,
				3C309599128A952800E360C5 /* ASIAuthenticationDialog.m in Sources */,
				3C30959A128A952800E360C5 /* ASIInputStream.m in Sources */,
				3C30959B128A952800E360C5 /* ASIFormDataRequest.m in Sources */,
				3C30959C128A952800E360C5 /* ASIHTTPRequest.m in Sources */,
				3C30959D128A952800E360C5 /* ASINetworkQueue.m in Sources */,
				3C30959E128A952800E360C5 /* ASIDownloadCache.m in Sources */,
				3C3095A7128A96ED00E360C5 /* Reachability.m in Sources */,
			);
			runOnlyForDeploymentPostprocessing = 0;
		};
/* End PBXSourcesBuildPhase section */

/* Begin PBXVariantGroup section */
		3C9C038711FA2864000F1790 /* InfoPlist.strings */ = {
			isa = PBXVariantGroup;
			children = (
				3C9C038811FA2864000F1790 /* en */,
			);
			name = InfoPlist.strings;
			sourceTree = "<group>";
		};
		3C9C038F11FA2864000F1790 /* MainWindow.xib */ = {
			isa = PBXVariantGroup;
			children = (
				3C9C039011FA2864000F1790 /* en */,
			);
			name = MainWindow.xib;
			sourceTree = "<group>";
		};
		3C9C039511FA2864000F1790 /* iDhivehiSitesViewController.xib */ = {
			isa = PBXVariantGroup;
			children = (
				3C9C039611FA2864000F1790 /* en */,
			);
			name = iDhivehiSitesViewController.xib;
			sourceTree = "<group>";
		};
/* End PBXVariantGroup section */

/* Begin XCBuildConfiguration section */
		3C9C039811FA2864000F1790 /* Debug */ = {
			isa = XCBuildConfiguration;
			buildSettings = {
				ARCHS = "$(ARCHS_STANDARD_32_BIT)";
				"CODE_SIGN_IDENTITY[sdk=iphoneos*]" = "iPhone Developer";
				GCC_C_LANGUAGE_STANDARD = gnu99;
				GCC_OPTIMIZATION_LEVEL = 0;
				GCC_PREPROCESSOR_DEFINITIONS = DEBUG;
				GCC_VERSION = 4.2;
				GCC_WARN_ABOUT_RETURN_TYPE = YES;
				GCC_WARN_UNUSED_VARIABLE = YES;
				HEADER_SEARCH_PATHS = (
					/usr/include/libxml2,
					src/,
				);
				IPHONEOS_DEPLOYMENT_TARGET = 4.0;
				OTHER_LDFLAGS = "-lz";
				PREBINDING = NO;
				"PROVISIONING_PROFILE[sdk=iphoneos*]" = "";
				SDKROOT = iphoneos4.2;
			};
			name = Debug;
		};
		3C9C039911FA2864000F1790 /* Release */ = {
			isa = XCBuildConfiguration;
			buildSettings = {
				ARCHS = "$(ARCHS_STANDARD_32_BIT)";
				"CODE_SIGN_IDENTITY[sdk=iphoneos*]" = "iPhone Developer";
				GCC_C_LANGUAGE_STANDARD = gnu99;
				GCC_VERSION = 4.2;
				GCC_WARN_ABOUT_RETURN_TYPE = YES;
				GCC_WARN_UNUSED_VARIABLE = YES;
				HEADER_SEARCH_PATHS = (
					/usr/include/libxml2,
					src/,
				);
				IPHONEOS_DEPLOYMENT_TARGET = 4.0;
				OTHER_CFLAGS = "-DNS_BLOCK_ASSERTIONS=1";
				OTHER_LDFLAGS = "-lz";
				PREBINDING = NO;
				"PROVISIONING_PROFILE[sdk=iphoneos*]" = "";
				SDKROOT = iphoneos4.2;
			};
			name = Release;
		};
		3C9C039B11FA2864000F1790 /* Debug */ = {
			isa = XCBuildConfiguration;
			buildSettings = {
				ALWAYS_SEARCH_USER_PATHS = NO;
				COPY_PHASE_STRIP = NO;
				FRAMEWORK_SEARCH_PATHS = (
					"$(inherited)",
					"\"$(SRCROOT)\"",
				);
				GCC_DYNAMIC_NO_PIC = NO;
				GCC_PRECOMPILE_PREFIX_HEADER = YES;
				GCC_PREFIX_HEADER = iDhivehiSites_Prefix.pch;
				INFOPLIST_FILE = "iDhivehiSites-Info.plist";
				LIBRARY_SEARCH_PATHS = (
					"$(inherited)",
					"\"$(SRCROOT)/mobclix.lib\"",
					"\"$(SRCROOT)\"",
					"\"$(SRCROOT)/Twitter+OAuth/SAOAuthTwitterEngine\"",
				);
				PRODUCT_NAME = iDhivehiSites;
				WRAPPER_EXTENSION = app;
			};
			name = Debug;
		};
		3C9C039C11FA2864000F1790 /* Release */ = {
			isa = XCBuildConfiguration;
			buildSettings = {
				ALWAYS_SEARCH_USER_PATHS = NO;
				COPY_PHASE_STRIP = YES;
				FRAMEWORK_SEARCH_PATHS = (
					"$(inherited)",
					"\"$(SRCROOT)\"",
				);
				GCC_PRECOMPILE_PREFIX_HEADER = YES;
				GCC_PREFIX_HEADER = iDhivehiSites_Prefix.pch;
				INFOPLIST_FILE = "iDhivehiSites-Info.plist";
				LIBRARY_SEARCH_PATHS = (
					"$(inherited)",
					"\"$(SRCROOT)/mobclix.lib\"",
					"\"$(SRCROOT)\"",
					"\"$(SRCROOT)/Twitter+OAuth/SAOAuthTwitterEngine\"",
				);
				PRODUCT_NAME = iDhivehiSites;
				VALIDATE_PRODUCT = YES;
				WRAPPER_EXTENSION = app;
			};
			name = Release;
		};
/* End XCBuildConfiguration section */

/* Begin XCConfigurationList section */
		3C9C037211FA2863000F1790 /* Build configuration list for PBXProject "iDhivehiSites" */ = {
			isa = XCConfigurationList;
			buildConfigurations = (
				3C9C039811FA2864000F1790 /* Debug */,
				3C9C039911FA2864000F1790 /* Release */,
			);
			defaultConfigurationIsVisible = 0;
			defaultConfigurationName = Release;
		};
		3C9C039A11FA2864000F1790 /* Build configuration list for PBXNativeTarget "iDhivehiSites" */ = {
			isa = XCConfigurationList;
			buildConfigurations = (
				3C9C039B11FA2864000F1790 /* Debug */,
				3C9C039C11FA2864000F1790 /* Release */,
			);
			defaultConfigurationIsVisible = 0;
			defaultConfigurationName = Release;
		};
/* End XCConfigurationList section */
	};
	rootObject = 3C9C036F11FA2863000F1790 /* Project object */;
}
